
Microsoft Visual Studio Solution File, Format Version 12.00
# Visual Studio 15
VisualStudioVersion = 15.0.28307.168
MinimumVisualStudioVersion = 10.0.40219.1
Project("{FAE04EC0-301F-11D3-BF4B-00C04F79EFBC}") = "week5", "week5\week5.csproj", "{1B126EC5-51AF-413C-9641-05A9A1BDC6B6}"
EndProject
Global
	GlobalSection(SolutionConfigurationPlatforms) = preSolution
		Debug|Any CPU = Debug|Any CPU
		Release|Any CPU = Release|Any CPU
	EndGlobalSection
	GlobalSection(ProjectConfigurationPlatforms) = postSolution
		{1B126EC5-51AF-413C-9641-05A9A1BDC6B6}.Debug|Any CPU.ActiveCfg = Debug|Any CPU
		{1B126EC5-51AF-413C-9641-05A9A1BDC6B6}.Debug|Any CPU.Build.0 = Debug|Any CPU
		{1B126EC5-51AF-413C-9641-05A9A1BDC6B6}.Release|Any CPU.ActiveCfg = Release|Any CPU
		{1B126EC5-51AF-413C-9641-05A9A1BDC6B6}.Release|Any CPU.Build.0 = Release|Any CPU
	EndGlobalSection
	GlobalSection(SolutionProperties) = preSolution
		HideSolutionNode = FALSE
	EndGlobalSection
	GlobalSection(ExtensibilityGlobals) = postSolution
		SolutionGuid = {1050912D-097F-4C7E-92B5-D812C03A67EA}
	EndGlobalSection
EndGlobal
